
Microsoft Visual Studio Solution File, Format Version 12.00
# Visual Studio Version 17
VisualStudioVersion = 17.3.32825.248
MinimumVisualStudioVersion = 10.0.40219.1
Project("{FAE04EC0-301F-11D3-BF4B-00C04F79EFBC}") = "Kurs", "LBR7\Kurs.csproj", "{4870DDF3-3D37-43AB-B750-0B867EFA87FE}"
EndProject
Project("{54435603-DBB4-11D2-8724-00A0C9A8B90C}") = "Setup", "Setup\Setup.vdproj", "{46C9DEE5-348E-4499-936A-05B2AB219676}"
EndProject
Global
	GlobalSection(SolutionConfigurationPlatforms) = preSolution
		Debug|Any CPU = Debug|Any CPU
		Release|Any CPU = Release|Any CPU
	EndGlobalSection
	GlobalSection(ProjectConfigurationPlatforms) = postSolution
		{4870DDF3-3D37-43AB-B750-0B867EFA87FE}.Debug|Any CPU.ActiveCfg = Debug|Any CPU
		{4870DDF3-3D37-43AB-B750-0B867EFA87FE}.Debug|Any CPU.Build.0 = Debug|Any CPU
		{4870DDF3-3D37-43AB-B750-0B867EFA87FE}.Release|Any CPU.ActiveCfg = Release|Any CPU
		{4870DDF3-3D37-43AB-B750-0B867EFA87FE}.Release|Any CPU.Build.0 = Release|Any CPU
		{46C9DEE5-348E-4499-936A-05B2AB219676}.Debug|Any CPU.ActiveCfg = Debug
		{46C9DEE5-348E-4499-936A-05B2AB219676}.Release|Any CPU.ActiveCfg = Release
	EndGlobalSection
	GlobalSection(SolutionProperties) = preSolution
		HideSolutionNode = FALSE
	EndGlobalSection
	GlobalSection(ExtensibilityGlobals) = postSolution
		SolutionGuid = {0F060415-C928-4194-9CCE-53479A147E3E}
	EndGlobalSection
EndGlobal
